
Microsoft Visual Studio Solution File, Format Version 12.00
# Visual Studio Version 17
VisualStudioVersion = 17.8.34525.116
MinimumVisualStudioVersion = 10.0.40219.1
Project("{FAE04EC0-301F-11D3-BF4B-00C04F79EFBC}") = "Mostrar el Día de la Semana a partir de un Número", "Mostrar el Día de la Semana a partir de un Número.csproj", "{AA85B127-5CF2-4749-A3D4-6B3B7068E8F4}"
EndProject
Global
	GlobalSection(SolutionConfigurationPlatforms) = preSolution
		Debug|Any CPU = Debug|Any CPU
		Release|Any CPU = Release|Any CPU
	EndGlobalSection
	GlobalSection(ProjectConfigurationPlatforms) = postSolution
		{AA85B127-5CF2-4749-A3D4-6B3B7068E8F4}.Debug|Any CPU.ActiveCfg = Debug|Any CPU
		{AA85B127-5CF2-4749-A3D4-6B3B7068E8F4}.Debug|Any CPU.Build.0 = Debug|Any CPU
		{AA85B127-5CF2-4749-A3D4-6B3B7068E8F4}.Release|Any CPU.ActiveCfg = Release|Any CPU
		{AA85B127-5CF2-4749-A3D4-6B3B7068E8F4}.Release|Any CPU.Build.0 = Release|Any CPU
	EndGlobalSection
	GlobalSection(SolutionProperties) = preSolution
		HideSolutionNode = FALSE
	EndGlobalSection
	GlobalSection(ExtensibilityGlobals) = postSolution
		SolutionGuid = {76E3FA9F-D7D6-4DC3-BCC1-44F21910BC66}
	EndGlobalSection
EndGlobal
